<?xml version="1.0" encoding="utf-8"?>
<Project ToolsVersion="4.0" xmlns="http://schemas.microsoft.com/developer/msbuild/2003">
  <ItemGroup>
    <Filter Include="Form Files">
      <UniqueIdentifier>{99349809-55BA-4b9d-BF79-8FDBB0286EB3}</UniqueIdentifier>
      <Extensions>ui</Extensions>
      <ParseFiles>false</ParseFiles>
    </Filter>
    <Filter Include="Form Files">
      <UniqueIdentifier>{99349809-55BA-4b9d-BF79-8FDBB0286EB3}</UniqueIdentifier>
      <Extensions>ui</Extensions>
      <ParseFiles>false</ParseFiles>
    </Filter>
    <Filter Include="Generated Files">
      <UniqueIdentifier>{71ED8ED8-ACB9-4CE9-BBE1-E00B30144E11}</UniqueIdentifier>
      <Extensions>cpp;c;cxx;moc;h;def;odl;idl;res;</Extensions>
    </Filter>
    <Filter Include="Generated Files">
      <UniqueIdentifier>{71ED8ED8-ACB9-4CE9-BBE1-E00B30144E11}</UniqueIdentifier>
      <Extensions>cpp;c;cxx;moc;h;def;odl;idl;res;</Extensions>
    </Filter>
    <Filter Include="Header Files">
      <UniqueIdentifier>{93995380-89BD-4b04-88EB-625FBE52EBFB}</UniqueIdentifier>
      <Extensions>h;hpp;hxx;hm;inl;inc;xsd</Extensions>
    </Filter>
    <Filter Include="Header Files">
      <UniqueIdentifier>{93995380-89BD-4b04-88EB-625FBE52EBFB}</UniqueIdentifier>
      <Extensions>h;hpp;hxx;hm;inl;inc;xsd</Extensions>
    </Filter>
    <Filter Include="Resource Files">
      <UniqueIdentifier>{D9D6E242-F8AF-46E4-B9FD-80ECBC20BA3E}</UniqueIdentifier>
      <Extensions>qrc;*</Extensions>
      <ParseFiles>false</ParseFiles>
    </Filter>
    <Filter Include="Resource Files">
      <UniqueIdentifier>{D9D6E242-F8AF-46E4-B9FD-80ECBC20BA3E}</UniqueIdentifier>
      <Extensions>qrc;*</Extensions>
      <ParseFiles>false</ParseFiles>
    </Filter>
    <Filter Include="Source Files">
      <UniqueIdentifier>{4FC737F1-C7A5-4376-A066-2A32D752A2FF}</UniqueIdentifier>
      <Extensions>cpp;c;cxx;def;odl;idl;hpj;bat;asm;asmx</Extensions>
    </Filter>
    <Filter Include="Source Files">
      <UniqueIdentifier>{4FC737F1-C7A5-4376-A066-2A32D752A2FF}</UniqueIdentifier>
      <Extensions>cpp;c;cxx;def;odl;idl;hpj;bat;asm;asmx</Extensions>
    </Filter>
    <Filter Include="Generated Files\Debug">
      <UniqueIdentifier>{4d1fa92f-4927-4399-b486-78292d4efb4a}</UniqueIdentifier>
      <Extensions>cpp;moc</Extensions>
      <SourceControlFiles>False</SourceControlFiles>
    </Filter>
    <Filter Include="Generated Files\Release">
      <UniqueIdentifier>{bea56f63-8570-4d50-80f6-ee7be0037ded}</UniqueIdentifier>
      <Extensions>cpp;moc</Extensions>
      <SourceControlFiles>False</SourceControlFiles>
    </Filter>
  </ItemGroup>
  <ItemGroup>
    <ClCompile Include="apptheme.cpp">
      <Filter>Source Files</Filter>
    </ClCompile>
    <ClCompile Include="dock_host.cpp">
      <Filter>Source Files</Filter>
    </ClCompile>
    <ClCompile Include="logmodel.cpp">
      <Filter>Source Files</Filter>
    </ClCompile>
    <ClCompile Include="main.cpp">
      <Filter>Source Files</Filter>
    </ClCompile>
    <ClCompile Include="ordermodel.cpp">
      <Filter>Source Files</Filter>
    </ClCompile>
    <ClCompile Include="posmodel.cpp">
      <Filter>Source Files</Filter>
    </ClCompile>
    <ClCompile Include="quotemodel.cpp">
      <Filter>Source Files</Filter>
    </ClCompile>
    <ClCompile Include="stratmodel.cpp">
      <Filter>Source Files</Filter>
    </ClCompile>
    <ClCompile Include="stratparamsdialog.cpp">
      <Filter>Source Files</Filter>
    </ClCompile>
    <ClCompile Include="stratparamsmodel.cpp">
      <Filter>Source Files</Filter>
    </ClCompile>
    <ClCompile Include="Debug\moc_dock_host.cpp">
      <Filter>Generated Files\Debug</Filter>
    </ClCompile>
    <ClCompile Include="Release\moc_dock_host.cpp">
      <Filter>Generated Files\Release</Filter>
    </ClCompile>
    <ClCompile Include="Debug\moc_logmodel.cpp">
      <Filter>Generated Files\Debug</Filter>
    </ClCompile>
    <ClCompile Include="Release\moc_logmodel.cpp">
      <Filter>Generated Files\Release</Filter>
    </ClCompile>
    <ClCompile Include="Debug\moc_ordermodel.cpp">
      <Filter>Generated Files\Debug</Filter>
    </ClCompile>
    <ClCompile Include="Release\moc_ordermodel.cpp">
      <Filter>Generated Files\Release</Filter>
    </ClCompile>
    <ClCompile Include="Debug\moc_posmodel.cpp">
      <Filter>Generated Files\Debug</Filter>
    </ClCompile>
    <ClCompile Include="Release\moc_posmodel.cpp">
      <Filter>Generated Files\Release</Filter>
    </ClCompile>
    <ClCompile Include="Debug\moc_quotemodel.cpp">
      <Filter>Generated Files\Debug</Filter>
    </ClCompile>
    <ClCompile Include="Release\moc_quotemodel.cpp">
      <Filter>Generated Files\Release</Filter>
    </ClCompile>
    <ClCompile Include="Debug\moc_stratmodel.cpp">
      <Filter>Generated Files\Debug</Filter>
    </ClCompile>
    <ClCompile Include="Release\moc_stratmodel.cpp">
      <Filter>Generated Files\Release</Filter>
    </ClCompile>
    <ClCompile Include="Debug\moc_stratparamsdialog.cpp">
      <Filter>Generated Files\Debug</Filter>
    </ClCompile>
    <ClCompile Include="Release\moc_stratparamsdialog.cpp">
      <Filter>Generated Files\Release</Filter>
    </ClCompile>
    <ClCompile Include="Debug\moc_stratparamsmodel.cpp">
      <Filter>Generated Files\Debug</Filter>
    </ClCompile>
    <ClCompile Include="Release\moc_stratparamsmodel.cpp">
      <Filter>Generated Files\Release</Filter>
    </ClCompile>
    <ClCompile Include="stratposdialog.cpp">
      <Filter>Source Files</Filter>
    </ClCompile>
    <ClCompile Include="Debug\moc_stratposdialog.cpp">
      <Filter>Generated Files\Debug</Filter>
    </ClCompile>
    <ClCompile Include="Release\moc_stratposdialog.cpp">
      <Filter>Generated Files\Release</Filter>
    </ClCompile>
    <ClCompile Include="stratposmodel.cpp">
      <Filter>Source Files</Filter>
    </ClCompile>
    <ClCompile Include="Debug\moc_stratposmodel.cpp">
      <Filter>Generated Files\Debug</Filter>
    </ClCompile>
    <ClCompile Include="Release\moc_stratposmodel.cpp">
      <Filter>Generated Files\Release</Filter>
    </ClCompile>
    <ClCompile Include="Debug\moc_stratcmddialog.cpp">
      <Filter>Generated Files\Debug</Filter>
    </ClCompile>
    <ClCompile Include="Release\moc_stratcmddialog.cpp">
      <Filter>Generated Files\Release</Filter>
    </ClCompile>
    <ClCompile Include="stratcmddialog.cpp">
      <Filter>Source Files</Filter>
    </ClCompile>
    <ClCompile Include="quotedialog.cpp">
      <Filter>Source Files</Filter>
    </ClCompile>
    <ClCompile Include="Debug\moc_quotedialog.cpp">
      <Filter>Generated Files\Debug</Filter>
    </ClCompile>
    <ClCompile Include="Release\moc_quotedialog.cpp">
      <Filter>Generated Files\Release</Filter>
    </ClCompile>
    <ClCompile Include="Debug\moc_subscribedialog.cpp">
      <Filter>Generated Files\Debug</Filter>
    </ClCompile>
    <ClCompile Include="Release\moc_subscribedialog.cpp">
      <Filter>Generated Files\Release</Filter>
    </ClCompile>
    <ClCompile Include="subscribedialog.cpp">
      <Filter>Source Files</Filter>
    </ClCompile>
    <ClCompile Include="authdialog.cpp">
      <Filter>Source Files</Filter>
    </ClCompile>
    <ClCompile Include="Debug\moc_authdialog.cpp">
      <Filter>Generated Files\Debug</Filter>
    </ClCompile>
    <ClCompile Include="Release\moc_authdialog.cpp">
      <Filter>Generated Files\Release</Filter>
    </ClCompile>
    <ClCompile Include="authentication.cpp">
      <Filter>Source Files</Filter>
    </ClCompile>
    <ClCompile Include="RestartAPI.cpp">
      <Filter>Source Files</Filter>
    </ClCompile>
    <ClCompile Include="stratlogdialog.cpp">
      <Filter>Source Files</Filter>
    </ClCompile>
    <ClCompile Include="stratlogmodel.cpp">
      <Filter>Source Files</Filter>
    </ClCompile>
    <ClCompile Include="Debug\moc_stratlogdialog.cpp">
      <Filter>Generated Files\Debug</Filter>
    </ClCompile>
    <ClCompile Include="Release\moc_stratlogdialog.cpp">
      <Filter>Generated Files\Release</Filter>
    </ClCompile>
    <ClCompile Include="Debug\moc_stratlogmodel.cpp">
      <Filter>Generated Files\Debug</Filter>
    </ClCompile>
    <ClCompile Include="Release\moc_stratlogmodel.cpp">
      <Filter>Generated Files\Release</Filter>
    </ClCompile>
    <ClCompile Include="Debug\moc_powergate.cpp">
      <Filter>Generated Files\Debug</Filter>
    </ClCompile>
    <ClCompile Include="Release\moc_powergate.cpp">
      <Filter>Generated Files\Release</Filter>
    </ClCompile>
    <ClCompile Include="powergate.cpp">
      <Filter>Source Files</Filter>
    </ClCompile>
    <ClCompile Include="GeneratedFiles\qrc_PowerGate.cpp">
      <Filter>Generated Files</Filter>
    </ClCompile>
    <ClCompile Include="tradepanel.cpp">
      <Filter>Source Files</Filter>
    </ClCompile>
    <ClCompile Include="Debug\moc_tradepanel.cpp">
      <Filter>Generated Files\Debug</Filter>
    </ClCompile>
    <ClCompile Include="Release\moc_tradepanel.cpp">
      <Filter>Generated Files\Release</Filter>
    </ClCompile>
    <ClCompile Include="logindialog.cpp">
      <Filter>Source Files</Filter>
    </ClCompile>
    <ClCompile Include="Debug\moc_logindialog.cpp">
      <Filter>Generated Files\Debug</Filter>
    </ClCompile>
    <ClCompile Include="Release\moc_logindialog.cpp">
      <Filter>Generated Files\Release</Filter>
    </ClCompile>
    <ClCompile Include="tinyxml2.cpp">
      <Filter>Source Files</Filter>
    </ClCompile>
    <ClCompile Include="editbkrdialog.cpp">
      <Filter>Source Files</Filter>
    </ClCompile>
    <ClCompile Include="Debug\moc_editbkrdialog.cpp">
      <Filter>Generated Files\Debug</Filter>
    </ClCompile>
    <ClCompile Include="Release\moc_editbkrdialog.cpp">
      <Filter>Generated Files\Release</Filter>
    </ClCompile>
    <ClCompile Include="loginsettingsdialog.cpp">
      <Filter>Source Files</Filter>
    </ClCompile>
    <ClCompile Include="Debug\moc_loginsettingsdialog.cpp">
      <Filter>Generated Files\Debug</Filter>
    </ClCompile>
    <ClCompile Include="Release\moc_loginsettingsdialog.cpp">
      <Filter>Generated Files\Release</Filter>
    </ClCompile>
    <ClCompile Include="TinyCrypt.cpp">
      <Filter>Source Files</Filter>
    </ClCompile>
    <ClCompile Include="smtpsocket.c">
      <Filter>Source Files</Filter>
    </ClCompile>
    <ClCompile Include="quickmail.c">
      <Filter>Source Files</Filter>
    </ClCompile>
  </ItemGroup>
  <ItemGroup>
    <ClInclude Include="apptheme.h">
      <Filter>Header Files</Filter>
    </ClInclude>
    <CustomBuild Include="dock_host.h">
      <Filter>Header Files</Filter>
    </CustomBuild>
    <CustomBuild Include="logmodel.h">
      <Filter>Header Files</Filter>
    </CustomBuild>
    <CustomBuild Include="ordermodel.h">
      <Filter>Header Files</Filter>
    </CustomBuild>
    <CustomBuild Include="posmodel.h">
      <Filter>Header Files</Filter>
    </CustomBuild>
    <CustomBuild Include="quotemodel.h">
      <Filter>Header Files</Filter>
    </CustomBuild>
    <CustomBuild Include="stratmodel.h">
      <Filter>Header Files</Filter>
    </CustomBuild>
    <CustomBuild Include="stratparamsdialog.h">
      <Filter>Header Files</Filter>
    </CustomBuild>
    <CustomBuild Include="stratparamsmodel.h">
      <Filter>Header Files</Filter>
    </CustomBuild>
    <ClInclude Include="GeneratedFiles\ui_stratparams.h">
      <Filter>Generated Files</Filter>
    </ClInclude>
    <ClInclude Include="resource.h">
      <Filter>Generated Files</Filter>
    </ClInclude>
    <ClInclude Include="GeneratedFiles\ui_stratpos.h">
      <Filter>Generated Files</Filter>
    </ClInclude>
    <ClInclude Include="main.h">
      <Filter>Header Files</Filter>
    </ClInclude>
    <ClInclude Include="GeneratedFiles\ui_stratcmd.h">
      <Filter>Generated Files</Filter>
    </ClInclude>
    <ClInclude Include="GeneratedFiles\ui_quotedialog.h">
      <Filter>Generated Files</Filter>
    </ClInclude>
    <ClInclude Include="GeneratedFiles\ui_subscribedialog.h">
      <Filter>Generated Files</Filter>
    </ClInclude>
    <ClInclude Include="GeneratedFiles\ui_authdialog.h">
      <Filter>Generated Files</Filter>
    </ClInclude>
    <ClInclude Include="authentication.h">
      <Filter>Header Files</Filter>
    </ClInclude>
    <ClInclude Include="RestartAPI.h">
      <Filter>Header Files</Filter>
    </ClInclude>
    <ClInclude Include="GeneratedFiles\ui_stratlog.h">
      <Filter>Generated Files</Filter>
    </ClInclude>
    <ClInclude Include="GeneratedFiles\ui_powergate.h">
      <Filter>Generated Files</Filter>
    </ClInclude>
    <ClInclude Include="GeneratedFiles\ui_tradepanel.h">
      <Filter>Generated Files</Filter>
    </ClInclude>
    <ClInclude Include="GeneratedFiles\ui_logindialog.h">
      <Filter>Generated Files</Filter>
    </ClInclude>
    <ClInclude Include="tinyxml2.h">
      <Filter>Header Files</Filter>
    </ClInclude>
    <ClInclude Include="GeneratedFiles\ui_editbkrdialog.h">
      <Filter>Generated Files</Filter>
    </ClInclude>
    <ClInclude Include="GeneratedFiles\ui_loginsettingsdialog.h">
      <Filter>Generated Files</Filter>
    </ClInclude>
    <ClInclude Include="TinyCrypt.h">
      <Filter>Header Files</Filter>
    </ClInclude>
    <ClInclude Include="smtpsocket.h">
      <Filter>Header Files</Filter>
    </ClInclude>
    <ClInclude Include="quickmail.h">
      <Filter>Header Files</Filter>
    </ClInclude>
  </ItemGroup>
  <ItemGroup>
    <CustomBuild Include="stratparams.ui">
      <Filter>Form Files</Filter>
    </CustomBuild>
    <CustomBuild Include="stratpos.ui">
      <Filter>Form Files</Filter>
    </CustomBuild>
    <CustomBuild Include="stratposdialog.h">
      <Filter>Header Files</Filter>
    </CustomBuild>
    <CustomBuild Include="stratposmodel.h">
      <Filter>Header Files</Filter>
    </CustomBuild>
    <CustomBuild Include="stratcmd.ui">
      <Filter>Form Files</Filter>
    </CustomBuild>
    <CustomBuild Include="stratcmddialog.h">
      <Filter>Header Files</Filter>
    </CustomBuild>
    <CustomBuild Include="quotedialog.h">
      <Filter>Header Files</Filter>
    </CustomBuild>
    <CustomBuild Include="quotedialog.ui">
      <Filter>Form Files</Filter>
    </CustomBuild>
    <CustomBuild Include="subscribedialog.ui">
      <Filter>Form Files</Filter>
    </CustomBuild>
    <CustomBuild Include="subscribedialog.h">
      <Filter>Header Files</Filter>
    </CustomBuild>
    <CustomBuild Include="authdialog.ui">
      <Filter>Form Files</Filter>
    </CustomBuild>
    <CustomBuild Include="authdialog.h">
      <Filter>Header Files</Filter>
    </CustomBuild>
    <CustomBuild Include="stratlog.ui">
      <Filter>Form Files</Filter>
    </CustomBuild>
    <CustomBuild Include="stratlogdialog.h">
      <Filter>Header Files</Filter>
    </CustomBuild>
    <CustomBuild Include="stratlogmodel.h">
      <Filter>Header Files</Filter>
    </CustomBuild>
    <CustomBuild Include="powergate.h">
      <Filter>Header Files</Filter>
    </CustomBuild>
    <CustomBuild Include="powergate.ui">
      <Filter>Form Files</Filter>
    </CustomBuild>
    <CustomBuild Include="PowerGate.qrc">
      <Filter>Resource Files</Filter>
    </CustomBuild>
    <CustomBuild Include="tradepanel.ui">
      <Filter>Form Files</Filter>
    </CustomBuild>
    <CustomBuild Include="tradepanel.h">
      <Filter>Header Files</Filter>
    </CustomBuild>
    <CustomBuild Include="logindialog.ui">
      <Filter>Form Files</Filter>
    </CustomBuild>
    <CustomBuild Include="logindialog.h">
      <Filter>Header Files</Filter>
    </CustomBuild>
    <CustomBuild Include="editbkrdialog.h">
      <Filter>Header Files</Filter>
    </CustomBuild>
    <CustomBuild Include="editbkrdialog.ui">
      <Filter>Form Files</Filter>
    </CustomBuild>
    <CustomBuild Include="loginsettingsdialog.ui">
      <Filter>Form Files</Filter>
    </CustomBuild>
    <CustomBuild Include="loginsettingsdialog.h">
      <Filter>Header Files</Filter>
    </CustomBuild>
  </ItemGroup>
  <ItemGroup>
    <None Include="Dark.thm">
      <Filter>Resource Files</Filter>
    </None>
    <None Include="Light.thm">
      <Filter>Resource Files</Filter>
    </None>
    <None Include="Gray.thm">
      <Filter>Resource Files</Filter>
    </None>
    <None Include="PowerGate.qm">
      <Filter>Resource Files</Filter>
    </None>
  </ItemGroup>
  <ItemGroup>
    <ResourceCompile Include="WinResource.rc" />
  </ItemGroup>
  <ItemGroup>
    <Image Include="Letter-A-black-icon.png" />
    <Image Include="Letter-A-black-icon.ico" />
    <Image Include="disconnect.png">
      <Filter>Resource Files</Filter>
    </Image>
    <Image Include="connect.png">
      <Filter>Resource Files</Filter>
    </Image>
    <Image Include="icon2.ico" />
    <Image Include="Letter-P-black-icon.png" />
    <Image Include="C:\Users\Ocean\Desktop\Letter-P-black-icon.ico" />
    <Image Include="Letter-P-black-icon.ico" />
    <Image Include="PowerGate_icon.ico" />
  </ItemGroup>
</Project>